
Microsoft Visual Studio Solution File, Format Version 12.00
# Visual Studio Version 16
VisualStudioVersion = 16.0.31911.196
MinimumVisualStudioVersion = 10.0.40219.1
Project("{FAE04EC0-301F-11D3-BF4B-00C04F79EFBC}") = "Question 4", "Question 4.csproj", "{67E1B5DB-F14A-425A-BEAC-004A6A97DE27}"
EndProject
Global
	GlobalSection(SolutionConfigurationPlatforms) = preSolution
		Debug|Any CPU = Debug|Any CPU
		Release|Any CPU = Release|Any CPU
	EndGlobalSection
	GlobalSection(ProjectConfigurationPlatforms) = postSolution
		{67E1B5DB-F14A-425A-BEAC-004A6A97DE27}.Debug|Any CPU.ActiveCfg = Debug|Any CPU
		{67E1B5DB-F14A-425A-BEAC-004A6A97DE27}.Debug|Any CPU.Build.0 = Debug|Any CPU
		{67E1B5DB-F14A-425A-BEAC-004A6A97DE27}.Release|Any CPU.ActiveCfg = Release|Any CPU
		{67E1B5DB-F14A-425A-BEAC-004A6A97DE27}.Release|Any CPU.Build.0 = Release|Any CPU
	EndGlobalSection
	GlobalSection(SolutionProperties) = preSolution
		HideSolutionNode = FALSE
	EndGlobalSection
	GlobalSection(ExtensibilityGlobals) = postSolution
		SolutionGuid = {690D028B-2ADB-43C6-8BDF-3354FFC13B30}
	EndGlobalSection
EndGlobal
