
Microsoft Visual Studio Solution File, Format Version 12.00
# Visual Studio Version 16
VisualStudioVersion = 16.0.31911.196
MinimumVisualStudioVersion = 10.0.40219.1
Project("{FAE04EC0-301F-11D3-BF4B-00C04F79EFBC}") = "Question 2", "Question 2.csproj", "{8527B71B-D7C3-4AED-9D49-CCAEE85810E7}"
EndProject
Global
	GlobalSection(SolutionConfigurationPlatforms) = preSolution
		Debug|Any CPU = Debug|Any CPU
		Release|Any CPU = Release|Any CPU
	EndGlobalSection
	GlobalSection(ProjectConfigurationPlatforms) = postSolution
		{8527B71B-D7C3-4AED-9D49-CCAEE85810E7}.Debug|Any CPU.ActiveCfg = Debug|Any CPU
		{8527B71B-D7C3-4AED-9D49-CCAEE85810E7}.Debug|Any CPU.Build.0 = Debug|Any CPU
		{8527B71B-D7C3-4AED-9D49-CCAEE85810E7}.Release|Any CPU.ActiveCfg = Release|Any CPU
		{8527B71B-D7C3-4AED-9D49-CCAEE85810E7}.Release|Any CPU.Build.0 = Release|Any CPU
	EndGlobalSection
	GlobalSection(SolutionProperties) = preSolution
		HideSolutionNode = FALSE
	EndGlobalSection
	GlobalSection(ExtensibilityGlobals) = postSolution
		SolutionGuid = {927FD096-7213-4FD5-A66B-6CD96FA71334}
	EndGlobalSection
EndGlobal
