
Microsoft Visual Studio Solution File, Format Version 12.00
# Visual Studio Version 16
VisualStudioVersion = 16.0.31911.196
MinimumVisualStudioVersion = 10.0.40219.1
Project("{FAE04EC0-301F-11D3-BF4B-00C04F79EFBC}") = "Question 2", "Question 2.csproj", "{5B0E60DA-B186-41AC-8281-933FDD0D6F7E}"
EndProject
Global
	GlobalSection(SolutionConfigurationPlatforms) = preSolution
		Debug|Any CPU = Debug|Any CPU
		Release|Any CPU = Release|Any CPU
	EndGlobalSection
	GlobalSection(ProjectConfigurationPlatforms) = postSolution
		{5B0E60DA-B186-41AC-8281-933FDD0D6F7E}.Debug|Any CPU.ActiveCfg = Debug|Any CPU
		{5B0E60DA-B186-41AC-8281-933FDD0D6F7E}.Debug|Any CPU.Build.0 = Debug|Any CPU
		{5B0E60DA-B186-41AC-8281-933FDD0D6F7E}.Release|Any CPU.ActiveCfg = Release|Any CPU
		{5B0E60DA-B186-41AC-8281-933FDD0D6F7E}.Release|Any CPU.Build.0 = Release|Any CPU
	EndGlobalSection
	GlobalSection(SolutionProperties) = preSolution
		HideSolutionNode = FALSE
	EndGlobalSection
	GlobalSection(ExtensibilityGlobals) = postSolution
		SolutionGuid = {FF687AA2-22B4-47E0-B57A-8AFF7AF4E392}
	EndGlobalSection
EndGlobal
